// !$*UTF8*$!
{
	archiveVersion = 1;
	classes = {
	};
	objectVersion = 46;
	objects = {

/* Begin PBXBuildFile section */
		820B83981F0A9AF7007E3C15 /* ThingService.swift in Sources */ = {isa = PBXBuildFile; fileRef = 820B83971F0A9AF7007E3C15 /* ThingService.swift */; };
		820B83991F0A9AF7007E3C15 /* ThingService.swift in Sources */ = {isa = PBXBuildFile; fileRef = 820B83971F0A9AF7007E3C15 /* ThingService.swift */; };
		820B839A1F0A9AF7007E3C15 /* ThingService.swift in Sources */ = {isa = PBXBuildFile; fileRef = 820B83971F0A9AF7007E3C15 /* ThingService.swift */; };
		820B839C1F0BD102007E3C15 /* TagStorage.swift in Sources */ = {isa = PBXBuildFile; fileRef = 820B839B1F0BD102007E3C15 /* TagStorage.swift */; };
		820B839D1F0BD102007E3C15 /* TagStorage.swift in Sources */ = {isa = PBXBuildFile; fileRef = 820B839B1F0BD102007E3C15 /* TagStorage.swift */; };
		820B839E1F0BD102007E3C15 /* TagStorage.swift in Sources */ = {isa = PBXBuildFile; fileRef = 820B839B1F0BD102007E3C15 /* TagStorage.swift */; };
		820B83A01F0BD187007E3C15 /* ThingTagStorage.swift in Sources */ = {isa = PBXBuildFile; fileRef = 820B839F1F0BD187007E3C15 /* ThingTagStorage.swift */; };
		820B83A11F0BD187007E3C15 /* ThingTagStorage.swift in Sources */ = {isa = PBXBuildFile; fileRef = 820B839F1F0BD187007E3C15 /* ThingTagStorage.swift */; };
		820B83A21F0BD187007E3C15 /* ThingTagStorage.swift in Sources */ = {isa = PBXBuildFile; fileRef = 820B839F1F0BD187007E3C15 /* ThingTagStorage.swift */; };
		820B83B51F0E81A0007E3C15 /* ThingEntity.swift in Sources */ = {isa = PBXBuildFile; fileRef = 820B83B31F0E81A0007E3C15 /* ThingEntity.swift */; };
		820B83B61F0E81A0007E3C15 /* ThingEntity.swift in Sources */ = {isa = PBXBuildFile; fileRef = 820B83B31F0E81A0007E3C15 /* ThingEntity.swift */; };
		820B83B71F0E81A0007E3C15 /* ThingEntity.swift in Sources */ = {isa = PBXBuildFile; fileRef = 820B83B31F0E81A0007E3C15 /* ThingEntity.swift */; };
		820B83BD1F0E81FE007E3C15 /* TagEntity.swift in Sources */ = {isa = PBXBuildFile; fileRef = 820B83BB1F0E81FE007E3C15 /* TagEntity.swift */; };
		820B83BE1F0E81FE007E3C15 /* TagEntity.swift in Sources */ = {isa = PBXBuildFile; fileRef = 820B83BB1F0E81FE007E3C15 /* TagEntity.swift */; };
		820B83BF1F0E81FE007E3C15 /* TagEntity.swift in Sources */ = {isa = PBXBuildFile; fileRef = 820B83BB1F0E81FE007E3C15 /* TagEntity.swift */; };
		820B83C51F0E8237007E3C15 /* ThingTagEntity.swift in Sources */ = {isa = PBXBuildFile; fileRef = 820B83C31F0E8237007E3C15 /* ThingTagEntity.swift */; };
		820B83C61F0E8237007E3C15 /* ThingTagEntity.swift in Sources */ = {isa = PBXBuildFile; fileRef = 820B83C31F0E8237007E3C15 /* ThingTagEntity.swift */; };
		820B83C71F0E8237007E3C15 /* ThingTagEntity.swift in Sources */ = {isa = PBXBuildFile; fileRef = 820B83C31F0E8237007E3C15 /* ThingTagEntity.swift */; };
		820B83DC1F0E8AA6007E3C15 /* ThingModel.swift in Sources */ = {isa = PBXBuildFile; fileRef = 820B83DB1F0E8AA6007E3C15 /* ThingModel.swift */; };
		820B83DD1F0E8AA6007E3C15 /* ThingModel.swift in Sources */ = {isa = PBXBuildFile; fileRef = 820B83DB1F0E8AA6007E3C15 /* ThingModel.swift */; };
		820B83DE1F0E8AA6007E3C15 /* ThingModel.swift in Sources */ = {isa = PBXBuildFile; fileRef = 820B83DB1F0E8AA6007E3C15 /* ThingModel.swift */; };
		820B83E01F0E8D16007E3C15 /* ThingTagModel.swift in Sources */ = {isa = PBXBuildFile; fileRef = 820B83DF1F0E8D16007E3C15 /* ThingTagModel.swift */; };
		820B83E11F0E8D16007E3C15 /* ThingTagModel.swift in Sources */ = {isa = PBXBuildFile; fileRef = 820B83DF1F0E8D16007E3C15 /* ThingTagModel.swift */; };
		820B83E21F0E8D16007E3C15 /* ThingTagModel.swift in Sources */ = {isa = PBXBuildFile; fileRef = 820B83DF1F0E8D16007E3C15 /* ThingTagModel.swift */; };
		820B83E41F0E8D3D007E3C15 /* TagModel.swift in Sources */ = {isa = PBXBuildFile; fileRef = 820B83E31F0E8D3D007E3C15 /* TagModel.swift */; };
		820B83E51F0E8D3D007E3C15 /* TagModel.swift in Sources */ = {isa = PBXBuildFile; fileRef = 820B83E31F0E8D3D007E3C15 /* TagModel.swift */; };
		820B83E61F0E8D3D007E3C15 /* TagModel.swift in Sources */ = {isa = PBXBuildFile; fileRef = 820B83E31F0E8D3D007E3C15 /* TagModel.swift */; };
		821FC4CA1E71407600A64E94 /* UIImage+Gif.swift in Sources */ = {isa = PBXBuildFile; fileRef = 821FC4C91E71407600A64E94 /* UIImage+Gif.swift */; };
		821FC4CB1E71407600A64E94 /* UIImage+Gif.swift in Sources */ = {isa = PBXBuildFile; fileRef = 821FC4C91E71407600A64E94 /* UIImage+Gif.swift */; };
		821FC4CD1E7141B100A64E94 /* voicewave.gif in Resources */ = {isa = PBXBuildFile; fileRef = 821FC4CC1E7141B100A64E94 /* voicewave.gif */; };
		821FC4CE1E7141B100A64E94 /* voicewave.gif in Resources */ = {isa = PBXBuildFile; fileRef = 821FC4CC1E7141B100A64E94 /* voicewave.gif */; };
		82347E401F03A7E2002D8024 /* AlicloudMobileAnalitics.framework in Frameworks */ = {isa = PBXBuildFile; fileRef = 82347E3C1F03A7E1002D8024 /* AlicloudMobileAnalitics.framework */; };
		82347E411F03A7E2002D8024 /* AlicloudMobileAnalitics.framework in Frameworks */ = {isa = PBXBuildFile; fileRef = 82347E3C1F03A7E1002D8024 /* AlicloudMobileAnalitics.framework */; };
		82347E421F03A7E2002D8024 /* AlicloudMobileAnalitics.framework in Frameworks */ = {isa = PBXBuildFile; fileRef = 82347E3C1F03A7E1002D8024 /* AlicloudMobileAnalitics.framework */; };
		82347E431F03A7E2002D8024 /* AlicloudUtils.framework in Frameworks */ = {isa = PBXBuildFile; fileRef = 82347E3D1F03A7E2002D8024 /* AlicloudUtils.framework */; };
		82347E441F03A7E2002D8024 /* AlicloudUtils.framework in Frameworks */ = {isa = PBXBuildFile; fileRef = 82347E3D1F03A7E2002D8024 /* AlicloudUtils.framework */; };
		82347E451F03A7E2002D8024 /* AlicloudUtils.framework in Frameworks */ = {isa = PBXBuildFile; fileRef = 82347E3D1F03A7E2002D8024 /* AlicloudUtils.framework */; };
		82347E461F03A7E2002D8024 /* UT.framework in Frameworks */ = {isa = PBXBuildFile; fileRef = 82347E3E1F03A7E2002D8024 /* UT.framework */; };
		82347E471F03A7E2002D8024 /* UT.framework in Frameworks */ = {isa = PBXBuildFile; fileRef = 82347E3E1F03A7E2002D8024 /* UT.framework */; };
		82347E481F03A7E2002D8024 /* UT.framework in Frameworks */ = {isa = PBXBuildFile; fileRef = 82347E3E1F03A7E2002D8024 /* UT.framework */; };
		82347E491F03A7E2002D8024 /* UTDID.framework in Frameworks */ = {isa = PBXBuildFile; fileRef = 82347E3F1F03A7E2002D8024 /* UTDID.framework */; };
		82347E4A1F03A7E2002D8024 /* UTDID.framework in Frameworks */ = {isa = PBXBuildFile; fileRef = 82347E3F1F03A7E2002D8024 /* UTDID.framework */; };
		82347E4B1F03A7E2002D8024 /* UTDID.framework in Frameworks */ = {isa = PBXBuildFile; fileRef = 82347E3F1F03A7E2002D8024 /* UTDID.framework */; };
		82347E4D1F03A803002D8024 /* libresolv.tbd in Frameworks */ = {isa = PBXBuildFile; fileRef = 82347E4C1F03A803002D8024 /* libresolv.tbd */; };
		82347E4F1F03A809002D8024 /* CoreTelephony.framework in Frameworks */ = {isa = PBXBuildFile; fileRef = 82347E4E1F03A809002D8024 /* CoreTelephony.framework */; };
		82347E511F03A80F002D8024 /* SystemConfiguration.framework in Frameworks */ = {isa = PBXBuildFile; fileRef = 82347E501F03A80F002D8024 /* SystemConfiguration.framework */; };
		82347E531F03A9A8002D8024 /* SystemConfiguration.framework in Frameworks */ = {isa = PBXBuildFile; fileRef = 82347E501F03A80F002D8024 /* SystemConfiguration.framework */; };
		82347E541F03A9A9002D8024 /* SystemConfiguration.framework in Frameworks */ = {isa = PBXBuildFile; fileRef = 82347E501F03A80F002D8024 /* SystemConfiguration.framework */; };
		82347E551F03A9AB002D8024 /* CoreTelephony.framework in Frameworks */ = {isa = PBXBuildFile; fileRef = 82347E4E1F03A809002D8024 /* CoreTelephony.framework */; };
		82347E561F03A9AB002D8024 /* CoreTelephony.framework in Frameworks */ = {isa = PBXBuildFile; fileRef = 82347E4E1F03A809002D8024 /* CoreTelephony.framework */; };
		82347E571F03A9AE002D8024 /* libresolv.tbd in Frameworks */ = {isa = PBXBuildFile; fileRef = 82347E4C1F03A803002D8024 /* libresolv.tbd */; };
		82347E581F03A9AF002D8024 /* libresolv.tbd in Frameworks */ = {isa = PBXBuildFile; fileRef = 82347E4C1F03A803002D8024 /* libresolv.tbd */; };
		823539A41E37251300B102D8 /* AddressBook.framework in Frameworks */ = {isa = PBXBuildFile; fileRef = 823A34AB1E28A2FF0093FBF4 /* AddressBook.framework */; };
		823539A51E37251400B102D8 /* AddressBook.framework in Frameworks */ = {isa = PBXBuildFile; fileRef = 823A34AB1E28A2FF0093FBF4 /* AddressBook.framework */; };
		823539AC1E37458300B102D8 /* ThingRepository.swift in Sources */ = {isa = PBXBuildFile; fileRef = 82FED7CA1E0A62EA00FDDFD2 /* ThingRepository.swift */; };
		823539AF1E3745B800B102D8 /* libsqlite3.tbd in Frameworks */ = {isa = PBXBuildFile; fileRef = 823A34AD1E28A30B0093FBF4 /* libsqlite3.tbd */; };
		823539B01E3745B900B102D8 /* libsqlite3.tbd in Frameworks */ = {isa = PBXBuildFile; fileRef = 823A34AD1E28A30B0093FBF4 /* libsqlite3.tbd */; };
		823539B11E3745BB00B102D8 /* libz.tbd in Frameworks */ = {isa = PBXBuildFile; fileRef = 823A34AF1E28A3130093FBF4 /* libz.tbd */; };
		823539B21E3745BC00B102D8 /* libz.tbd in Frameworks */ = {isa = PBXBuildFile; fileRef = 823A34AF1E28A3130093FBF4 /* libz.tbd */; };
		823539B51E3885DA00B102D8 /* AppDelegate.swift in Sources */ = {isa = PBXBuildFile; fileRef = 825DEB181DD9DC070065090F /* AppDelegate.swift */; };
		823539B61E3885DB00B102D8 /* AppDelegate.swift in Sources */ = {isa = PBXBuildFile; fileRef = 825DEB181DD9DC070065090F /* AppDelegate.swift */; };
		823539B71E3885E400B102D8 /* HomeViewController.swift in Sources */ = {isa = PBXBuildFile; fileRef = 825DEB541DDA0B9B0065090F /* HomeViewController.swift */; };
		823539B91E38863400B102D8 /* InputThingView.swift in Sources */ = {isa = PBXBuildFile; fileRef = 825DEB501DDA0B640065090F /* InputThingView.swift */; };
		823539BA1E38863500B102D8 /* InputThingView.swift in Sources */ = {isa = PBXBuildFile; fileRef = 825DEB501DDA0B640065090F /* InputThingView.swift */; };
		823A341F1E252EBA0093FBF4 /* AboutViewController.swift in Sources */ = {isa = PBXBuildFile; fileRef = 823A341E1E252EBA0093FBF4 /* AboutViewController.swift */; };
		823A34201E252EBA0093FBF4 /* AboutViewController.swift in Sources */ = {isa = PBXBuildFile; fileRef = 823A341E1E252EBA0093FBF4 /* AboutViewController.swift */; };
		823A34211E252EBA0093FBF4 /* AboutViewController.swift in Sources */ = {isa = PBXBuildFile; fileRef = 823A341E1E252EBA0093FBF4 /* AboutViewController.swift */; };
		823A34231E2530070093FBF4 /* AboutViewModel.swift in Sources */ = {isa = PBXBuildFile; fileRef = 823A34221E2530070093FBF4 /* AboutViewModel.swift */; };
		823A34241E2530070093FBF4 /* AboutViewModel.swift in Sources */ = {isa = PBXBuildFile; fileRef = 823A34221E2530070093FBF4 /* AboutViewModel.swift */; };
		823A34251E2530070093FBF4 /* AboutViewModel.swift in Sources */ = {isa = PBXBuildFile; fileRef = 823A34221E2530070093FBF4 /* AboutViewModel.swift */; };
		823A342D1E2758590093FBF4 /* FirebaseAnalytics.framework in Frameworks */ = {isa = PBXBuildFile; fileRef = 823A34271E2758590093FBF4 /* FirebaseAnalytics.framework */; };
		823A342E1E27585A0093FBF4 /* FirebaseAnalytics.framework in Frameworks */ = {isa = PBXBuildFile; fileRef = 823A34271E2758590093FBF4 /* FirebaseAnalytics.framework */; };
		823A342F1E27585A0093FBF4 /* FirebaseAnalytics.framework in Frameworks */ = {isa = PBXBuildFile; fileRef = 823A34271E2758590093FBF4 /* FirebaseAnalytics.framework */; };
		823A34301E27585A0093FBF4 /* FirebaseCore.framework in Frameworks */ = {isa = PBXBuildFile; fileRef = 823A34281E2758590093FBF4 /* FirebaseCore.framework */; };
		823A34311E27585A0093FBF4 /* FirebaseCore.framework in Frameworks */ = {isa = PBXBuildFile; fileRef = 823A34281E2758590093FBF4 /* FirebaseCore.framework */; };
		823A34321E27585A0093FBF4 /* FirebaseCore.framework in Frameworks */ = {isa = PBXBuildFile; fileRef = 823A34281E2758590093FBF4 /* FirebaseCore.framework */; };
		823A34331E27585A0093FBF4 /* FirebaseInstanceID.framework in Frameworks */ = {isa = PBXBuildFile; fileRef = 823A34291E2758590093FBF4 /* FirebaseInstanceID.framework */; };
		823A34341E27585A0093FBF4 /* FirebaseInstanceID.framework in Frameworks */ = {isa = PBXBuildFile; fileRef = 823A34291E2758590093FBF4 /* FirebaseInstanceID.framework */; };
		823A34351E27585A0093FBF4 /* FirebaseInstanceID.framework in Frameworks */ = {isa = PBXBuildFile; fileRef = 823A34291E2758590093FBF4 /* FirebaseInstanceID.framework */; };
		823A34361E27585A0093FBF4 /* GoogleInterchangeUtilities.framework in Frameworks */ = {isa = PBXBuildFile; fileRef = 823A342A1E2758590093FBF4 /* GoogleInterchangeUtilities.framework */; };
		823A34371E27585A0093FBF4 /* GoogleInterchangeUtilities.framework in Frameworks */ = {isa = PBXBuildFile; fileRef = 823A342A1E2758590093FBF4 /* GoogleInterchangeUtilities.framework */; };
		823A34381E27585A0093FBF4 /* GoogleInterchangeUtilities.framework in Frameworks */ = {isa = PBXBuildFile; fileRef = 823A342A1E2758590093FBF4 /* GoogleInterchangeUtilities.framework */; };
		823A34391E27585A0093FBF4 /* GoogleSymbolUtilities.framework in Frameworks */ = {isa = PBXBuildFile; fileRef = 823A342B1E2758590093FBF4 /* GoogleSymbolUtilities.framework */; };
		823A343A1E27585A0093FBF4 /* GoogleSymbolUtilities.framework in Frameworks */ = {isa = PBXBuildFile; fileRef = 823A342B1E2758590093FBF4 /* GoogleSymbolUtilities.framework */; };
		823A343B1E27585A0093FBF4 /* GoogleSymbolUtilities.framework in Frameworks */ = {isa = PBXBuildFile; fileRef = 823A342B1E2758590093FBF4 /* GoogleSymbolUtilities.framework */; };
		823A343C1E27585A0093FBF4 /* GoogleUtilities.framework in Frameworks */ = {isa = PBXBuildFile; fileRef = 823A342C1E2758590093FBF4 /* GoogleUtilities.framework */; };
		823A343D1E27585A0093FBF4 /* GoogleUtilities.framework in Frameworks */ = {isa = PBXBuildFile; fileRef = 823A342C1E2758590093FBF4 /* GoogleUtilities.framework */; };
		823A343E1E27585A0093FBF4 /* GoogleUtilities.framework in Frameworks */ = {isa = PBXBuildFile; fileRef = 823A342C1E2758590093FBF4 /* GoogleUtilities.framework */; };
		823A34AC1E28A2FF0093FBF4 /* AddressBook.framework in Frameworks */ = {isa = PBXBuildFile; fileRef = 823A34AB1E28A2FF0093FBF4 /* AddressBook.framework */; };
		823A34AE1E28A30B0093FBF4 /* libsqlite3.tbd in Frameworks */ = {isa = PBXBuildFile; fileRef = 823A34AD1E28A30B0093FBF4 /* libsqlite3.tbd */; };
		823A34B01E28A3130093FBF4 /* libz.tbd in Frameworks */ = {isa = PBXBuildFile; fileRef = 823A34AF1E28A3130093FBF4 /* libz.tbd */; };
		823A34B21E28A72C0093FBF4 /* GoogleService-Info.plist in Resources */ = {isa = PBXBuildFile; fileRef = 823A34B11E28A72C0093FBF4 /* GoogleService-Info.plist */; };
		823A34B31E28A72C0093FBF4 /* GoogleService-Info.plist in Resources */ = {isa = PBXBuildFile; fileRef = 823A34B11E28A72C0093FBF4 /* GoogleService-Info.plist */; };
		823A34B41E28A72C0093FBF4 /* GoogleService-Info.plist in Resources */ = {isa = PBXBuildFile; fileRef = 823A34B11E28A72C0093FBF4 /* GoogleService-Info.plist */; };
		823A34B71E2E26C60093FBF4 /* InputTextField.swift in Sources */ = {isa = PBXBuildFile; fileRef = 823A34B61E2E26C60093FBF4 /* InputTextField.swift */; };
		823A34B81E2E26C60093FBF4 /* InputTextField.swift in Sources */ = {isa = PBXBuildFile; fileRef = 823A34B61E2E26C60093FBF4 /* InputTextField.swift */; };
		823A34B91E2E26C60093FBF4 /* InputTextField.swift in Sources */ = {isa = PBXBuildFile; fileRef = 823A34B61E2E26C60093FBF4 /* InputTextField.swift */; };
		823A34BA1E2E294C0093FBF4 /* HomeViewModel.swift in Sources */ = {isa = PBXBuildFile; fileRef = 82FED7C71E0A625300FDDFD2 /* HomeViewModel.swift */; };
		823A34BC1E2F4EAF0093FBF4 /* ThingTableViewCell.swift in Sources */ = {isa = PBXBuildFile; fileRef = 823A34BB1E2F4EAF0093FBF4 /* ThingTableViewCell.swift */; };
		823A34BD1E2F4EAF0093FBF4 /* ThingTableViewCell.swift in Sources */ = {isa = PBXBuildFile; fileRef = 823A34BB1E2F4EAF0093FBF4 /* ThingTableViewCell.swift */; };
		823A34BE1E2F4EAF0093FBF4 /* ThingTableViewCell.swift in Sources */ = {isa = PBXBuildFile; fileRef = 823A34BB1E2F4EAF0093FBF4 /* ThingTableViewCell.swift */; };
		823A34C21E31FBA60093FBF4 /* DZNEmptyDataSet.framework in Frameworks */ = {isa = PBXBuildFile; fileRef = 823A34C11E31FBA60093FBF4 /* DZNEmptyDataSet.framework */; };
		823A34C61E31FD630093FBF4 /* StringConstants.swift in Sources */ = {isa = PBXBuildFile; fileRef = 823A34C51E31FD630093FBF4 /* StringConstants.swift */; };
		823A34C71E31FD630093FBF4 /* StringConstants.swift in Sources */ = {isa = PBXBuildFile; fileRef = 823A34C51E31FD630093FBF4 /* StringConstants.swift */; };
		823A34C81E31FD630093FBF4 /* StringConstants.swift in Sources */ = {isa = PBXBuildFile; fileRef = 823A34C51E31FD630093FBF4 /* StringConstants.swift */; };
		823A34CA1E31FE1A0093FBF4 /* DZNEmptyDataSet.framework in Embed Frameworks */ = {isa = PBXBuildFile; fileRef = 823A34C11E31FBA60093FBF4 /* DZNEmptyDataSet.framework */; settings = {ATTRIBUTES = (CodeSignOnCopy, RemoveHeadersOnCopy, ); }; };
		823A34CD1E320DC00093FBF4 /* MessageBox.swift in Sources */ = {isa = PBXBuildFile; fileRef = 823A34CC1E320DC00093FBF4 /* MessageBox.swift */; };
		823A34CE1E320DC00093FBF4 /* MessageBox.swift in Sources */ = {isa = PBXBuildFile; fileRef = 823A34CC1E320DC00093FBF4 /* MessageBox.swift */; };
		823A34CF1E320DC00093FBF4 /* MessageBox.swift in Sources */ = {isa = PBXBuildFile; fileRef = 823A34CC1E320DC00093FBF4 /* MessageBox.swift */; };
		825BA5F71ED47E1600B4545B /* HomeViewController.swift in Sources */ = {isa = PBXBuildFile; fileRef = 825DEB541DDA0B9B0065090F /* HomeViewController.swift */; };
		825BA5F81ED4817400B4545B /* VoiceInputController.swift in Sources */ = {isa = PBXBuildFile; fileRef = 82DF5DAC1E6D58740027CA1F /* VoiceInputController.swift */; };
		825BA5F91ED4818600B4545B /* EditThingViewController.swift in Sources */ = {isa = PBXBuildFile; fileRef = 82DF5DA01E657EAE0027CA1F /* EditThingViewController.swift */; };
		825BA5FA1ED4818D00B4545B /* VoiceInputViewModel.swift in Sources */ = {isa = PBXBuildFile; fileRef = 82DF5DB31E7005380027CA1F /* VoiceInputViewModel.swift */; };
		825BA5FB1ED4819600B4545B /* UIImage+Gif.swift in Sources */ = {isa = PBXBuildFile; fileRef = 821FC4C91E71407600A64E94 /* UIImage+Gif.swift */; };
		825DEB191DD9DC070065090F /* AppDelegate.swift in Sources */ = {isa = PBXBuildFile; fileRef = 825DEB181DD9DC070065090F /* AppDelegate.swift */; };
		825DEB1E1DD9DC070065090F /* Main.storyboard in Resources */ = {isa = PBXBuildFile; fileRef = 825DEB1C1DD9DC070065090F /* Main.storyboard */; };
		825DEB231DD9DC070065090F /* Assets.xcassets in Resources */ = {isa = PBXBuildFile; fileRef = 825DEB221DD9DC070065090F /* Assets.xcassets */; };
		825DEB261DD9DC070065090F /* LaunchScreen.storyboard in Resources */ = {isa = PBXBuildFile; fileRef = 825DEB241DD9DC070065090F /* LaunchScreen.storyboard */; };
		825DEB311DD9DC070065090F /* RememberTests.swift in Sources */ = {isa = PBXBuildFile; fileRef = 825DEB301DD9DC070065090F /* RememberTests.swift */; };
		825DEB3C1DD9DC070065090F /* RememberUITests.swift in Sources */ = {isa = PBXBuildFile; fileRef = 825DEB3B1DD9DC070065090F /* RememberUITests.swift */; };
		825DEB511DDA0B640065090F /* InputThingView.swift in Sources */ = {isa = PBXBuildFile; fileRef = 825DEB501DDA0B640065090F /* InputThingView.swift */; };
		825DEB561DDA0B9B0065090F /* HomeViewController.swift in Sources */ = {isa = PBXBuildFile; fileRef = 825DEB541DDA0B9B0065090F /* HomeViewController.swift */; };
		826D44EE1E9693450010B449 /* SnapKit.framework in Frameworks */ = {isa = PBXBuildFile; fileRef = 826D44ED1E9693450010B449 /* SnapKit.framework */; };
		826D44EF1E96934F0010B449 /* SnapKit.framework in Frameworks */ = {isa = PBXBuildFile; fileRef = 826D44ED1E9693450010B449 /* SnapKit.framework */; };
		826D44F01E96934F0010B449 /* SnapKit.framework in Embed Frameworks */ = {isa = PBXBuildFile; fileRef = 826D44ED1E9693450010B449 /* SnapKit.framework */; settings = {ATTRIBUTES = (CodeSignOnCopy, RemoveHeadersOnCopy, ); }; };
		82A923651EF17728004937EA /* HomeViewModelTests.swift in Sources */ = {isa = PBXBuildFile; fileRef = 82A923641EF17728004937EA /* HomeViewModelTests.swift */; };
		82A923671EF17962004937EA /* AboutViewModelTests.swift in Sources */ = {isa = PBXBuildFile; fileRef = 82A923661EF17962004937EA /* AboutViewModelTests.swift */; };
		82A923741EF2CE00004937EA /* MarqueeLabelSwift.framework in Frameworks */ = {isa = PBXBuildFile; fileRef = 82A923721EF2CE00004937EA /* MarqueeLabelSwift.framework */; };
		82A923751EF2CE00004937EA /* MarqueeLabelSwift.framework in Frameworks */ = {isa = PBXBuildFile; fileRef = 82A923721EF2CE00004937EA /* MarqueeLabelSwift.framework */; };
		82A923761EF2CE00004937EA /* MarqueeLabelSwift.framework in Frameworks */ = {isa = PBXBuildFile; fileRef = 82A923721EF2CE00004937EA /* MarqueeLabelSwift.framework */; };
		82A923771EF2CE00004937EA /* NotificationBanner.framework in Frameworks */ = {isa = PBXBuildFile; fileRef = 82A923731EF2CE00004937EA /* NotificationBanner.framework */; };
		82A923781EF2CE00004937EA /* NotificationBanner.framework in Frameworks */ = {isa = PBXBuildFile; fileRef = 82A923731EF2CE00004937EA /* NotificationBanner.framework */; };
		82A923791EF2CE00004937EA /* NotificationBanner.framework in Frameworks */ = {isa = PBXBuildFile; fileRef = 82A923731EF2CE00004937EA /* NotificationBanner.framework */; };
		82A9237A1EF2CE0E004937EA /* MarqueeLabelSwift.framework in Embed Frameworks */ = {isa = PBXBuildFile; fileRef = 82A923721EF2CE00004937EA /* MarqueeLabelSwift.framework */; settings = {ATTRIBUTES = (CodeSignOnCopy, RemoveHeadersOnCopy, ); }; };
		82A9237B1EF2CE0E004937EA /* NotificationBanner.framework in Embed Frameworks */ = {isa = PBXBuildFile; fileRef = 82A923731EF2CE00004937EA /* NotificationBanner.framework */; settings = {ATTRIBUTES = (CodeSignOnCopy, RemoveHeadersOnCopy, ); }; };
		82DB5C211E213B560037FAD5 /* SearchResultTableViewController.swift in Sources */ = {isa = PBXBuildFile; fileRef = 82DB5C201E213B560037FAD5 /* SearchResultTableViewController.swift */; };
		82DB5C221E213B560037FAD5 /* SearchResultTableViewController.swift in Sources */ = {isa = PBXBuildFile; fileRef = 82DB5C201E213B560037FAD5 /* SearchResultTableViewController.swift */; };
		82DB5C231E213B560037FAD5 /* SearchResultTableViewController.swift in Sources */ = {isa = PBXBuildFile; fileRef = 82DB5C201E213B560037FAD5 /* SearchResultTableViewController.swift */; };
		82DF5DA11E657EAE0027CA1F /* EditThingViewController.swift in Sources */ = {isa = PBXBuildFile; fileRef = 82DF5DA01E657EAE0027CA1F /* EditThingViewController.swift */; };
		82DF5DA21E657EB10027CA1F /* EditThingViewController.swift in Sources */ = {isa = PBXBuildFile; fileRef = 82DF5DA01E657EAE0027CA1F /* EditThingViewController.swift */; };
		82DF5DA71E6954950027CA1F /* FirebaseCrash.framework in Frameworks */ = {isa = PBXBuildFile; fileRef = 82DF5DA61E6954950027CA1F /* FirebaseCrash.framework */; };
		82DF5DA81E6954950027CA1F /* FirebaseCrash.framework in Frameworks */ = {isa = PBXBuildFile; fileRef = 82DF5DA61E6954950027CA1F /* FirebaseCrash.framework */; };
		82DF5DAA1E6964010027CA1F /* Speech.framework in Frameworks */ = {isa = PBXBuildFile; fileRef = 82DF5DA91E6964010027CA1F /* Speech.framework */; };
		82DF5DAB1E6964130027CA1F /* Speech.framework in Frameworks */ = {isa = PBXBuildFile; fileRef = 82DF5DA91E6964010027CA1F /* Speech.framework */; };
		82DF5DAD1E6D58740027CA1F /* VoiceInputController.swift in Sources */ = {isa = PBXBuildFile; fileRef = 82DF5DAC1E6D58740027CA1F /* VoiceInputController.swift */; };
		82DF5DAE1E6D58740027CA1F /* VoiceInputController.swift in Sources */ = {isa = PBXBuildFile; fileRef = 82DF5DAC1E6D58740027CA1F /* VoiceInputController.swift */; };
		82DF5DB41E7005380027CA1F /* VoiceInputViewModel.swift in Sources */ = {isa = PBXBuildFile; fileRef = 82DF5DB31E7005380027CA1F /* VoiceInputViewModel.swift */; };
		82DF5DB51E7005380027CA1F /* VoiceInputViewModel.swift in Sources */ = {isa = PBXBuildFile; fileRef = 82DF5DB31E7005380027CA1F /* VoiceInputViewModel.swift */; };
		82DF5DBB1E7047A90027CA1F /* ImageIO.framework in Frameworks */ = {isa = PBXBuildFile; fileRef = 82DF5DBA1E7047A90027CA1F /* ImageIO.framework */; };
		82FED7C81E0A625300FDDFD2 /* HomeViewModel.swift in Sources */ = {isa = PBXBuildFile; fileRef = 82FED7C71E0A625300FDDFD2 /* HomeViewModel.swift */; };
		82FED7C91E0A625300FDDFD2 /* HomeViewModel.swift in Sources */ = {isa = PBXBuildFile; fileRef = 82FED7C71E0A625300FDDFD2 /* HomeViewModel.swift */; };
		82FED7CB1E0A62EA00FDDFD2 /* ThingRepository.swift in Sources */ = {isa = PBXBuildFile; fileRef = 82FED7CA1E0A62EA00FDDFD2 /* ThingRepository.swift */; };
		82FED7CC1E0A62EA00FDDFD2 /* ThingRepository.swift in Sources */ = {isa = PBXBuildFile; fileRef = 82FED7CA1E0A62EA00FDDFD2 /* ThingRepository.swift */; };
		82FED7D71E0A78AC00FDDFD2 /* Remember.xcdatamodeld in Sources */ = {isa = PBXBuildFile; fileRef = 82FED7D51E0A78AC00FDDFD2 /* Remember.xcdatamodeld */; };
		82FED7D81E0A78AC00FDDFD2 /* Remember.xcdatamodeld in Sources */ = {isa = PBXBuildFile; fileRef = 82FED7D51E0A78AC00FDDFD2 /* Remember.xcdatamodeld */; };
/* End PBXBuildFile section */

/* Begin PBXContainerItemProxy section */
		825DEB2D1DD9DC070065090F /* PBXContainerItemProxy */ = {
			isa = PBXContainerItemProxy;
			containerPortal = 825DEB0D1DD9DC070065090F /* Project object */;
			proxyType = 1;
			remoteGlobalIDString = 825DEB141DD9DC070065090F;
			remoteInfo = Remember;
		};
		825DEB381DD9DC070065090F /* PBXContainerItemProxy */ = {
			isa = PBXContainerItemProxy;
			containerPortal = 825DEB0D1DD9DC070065090F /* Project object */;
			proxyType = 1;
			remoteGlobalIDString = 825DEB141DD9DC070065090F;
			remoteInfo = Remember;
		};
/* End PBXContainerItemProxy section */

/* Begin PBXCopyFilesBuildPhase section */
		823A34CB1E31FE1A0093FBF4 /* Embed Frameworks */ = {
			isa = PBXCopyFilesBuildPhase;
			buildActionMask = 2147483647;
			dstPath = "";
			dstSubfolderSpec = 10;
			files = (
				82A9237A1EF2CE0E004937EA /* MarqueeLabelSwift.framework in Embed Frameworks */,
				82A9237B1EF2CE0E004937EA /* NotificationBanner.framework in Embed Frameworks */,
				823A34CA1E31FE1A0093FBF4 /* DZNEmptyDataSet.framework in Embed Frameworks */,
				826D44F01E96934F0010B449 /* SnapKit.framework in Embed Frameworks */,
			);
			name = "Embed Frameworks";
			runOnlyForDeploymentPostprocessing = 0;
		};
/* End PBXCopyFilesBuildPhase section */

/* Begin PBXFileReference section */
		820B83971F0A9AF7007E3C15 /* ThingService.swift */ = {isa = PBXFileReference; fileEncoding = 4; lastKnownFileType = sourcecode.swift; path = ThingService.swift; sourceTree = "<group>"; };
		820B839B1F0BD102007E3C15 /* TagStorage.swift */ = {isa = PBXFileReference; fileEncoding = 4; lastKnownFileType = sourcecode.swift; path = TagStorage.swift; sourceTree = "<group>"; };
		820B839F1F0BD187007E3C15 /* ThingTagStorage.swift */ = {isa = PBXFileReference; fileEncoding = 4; lastKnownFileType = sourcecode.swift; path = ThingTagStorage.swift; sourceTree = "<group>"; };
		820B83B31F0E81A0007E3C15 /* ThingEntity.swift */ = {isa = PBXFileReference; fileEncoding = 4; lastKnownFileType = sourcecode.swift; path = ThingEntity.swift; sourceTree = "<group>"; };
		820B83BB1F0E81FE007E3C15 /* TagEntity.swift */ = {isa = PBXFileReference; fileEncoding = 4; lastKnownFileType = sourcecode.swift; path = TagEntity.swift; sourceTree = "<group>"; };
		820B83C31F0E8237007E3C15 /* ThingTagEntity.swift */ = {isa = PBXFileReference; fileEncoding = 4; lastKnownFileType = sourcecode.swift; path = ThingTagEntity.swift; sourceTree = "<group>"; };
		820B83DB1F0E8AA6007E3C15 /* ThingModel.swift */ = {isa = PBXFileReference; fileEncoding = 4; lastKnownFileType = sourcecode.swift; path = ThingModel.swift; sourceTree = "<group>"; };
		820B83DF1F0E8D16007E3C15 /* ThingTagModel.swift */ = {isa = PBXFileReference; fileEncoding = 4; lastKnownFileType = sourcecode.swift; path = ThingTagModel.swift; sourceTree = "<group>"; };
		820B83E31F0E8D3D007E3C15 /* TagModel.swift */ = {isa = PBXFileReference; fileEncoding = 4; lastKnownFileType = sourcecode.swift; path = TagModel.swift; sourceTree = "<group>"; };
		821FC4C91E71407600A64E94 /* UIImage+Gif.swift */ = {isa = PBXFileReference; fileEncoding = 4; lastKnownFileType = sourcecode.swift; path = "UIImage+Gif.swift"; sourceTree = "<group>"; };
		821FC4CC1E7141B100A64E94 /* voicewave.gif */ = {isa = PBXFileReference; lastKnownFileType = image.gif; path = voicewave.gif; sourceTree = "<group>"; };
		82347E3C1F03A7E1002D8024 /* AlicloudMobileAnalitics.framework */ = {isa = PBXFileReference; lastKnownFileType = wrapper.framework; path = AlicloudMobileAnalitics.framework; sourceTree = "<group>"; };
		82347E3D1F03A7E2002D8024 /* AlicloudUtils.framework */ = {isa = PBXFileReference; lastKnownFileType = wrapper.framework; path = AlicloudUtils.framework; sourceTree = "<group>"; };
		82347E3E1F03A7E2002D8024 /* UT.framework */ = {isa = PBXFileReference; lastKnownFileType = wrapper.framework; path = UT.framework; sourceTree = "<group>"; };
		82347E3F1F03A7E2002D8024 /* UTDID.framework */ = {isa = PBXFileReference; lastKnownFileType = wrapper.framework; path = UTDID.framework; sourceTree = "<group>"; };
		82347E4C1F03A803002D8024 /* libresolv.tbd */ = {isa = PBXFileReference; lastKnownFileType = "sourcecode.text-based-dylib-definition"; name = libresolv.tbd; path = usr/lib/libresolv.tbd; sourceTree = SDKROOT; };
		82347E4E1F03A809002D8024 /* CoreTelephony.framework */ = {isa = PBXFileReference; lastKnownFileType = wrapper.framework; name = CoreTelephony.framework; path = System/Library/Frameworks/CoreTelephony.framework; sourceTree = SDKROOT; };
		82347E501F03A80F002D8024 /* SystemConfiguration.framework */ = {isa = PBXFileReference; lastKnownFileType = wrapper.framework; name = SystemConfiguration.framework; path = System/Library/Frameworks/SystemConfiguration.framework; sourceTree = SDKROOT; };
		82347E521F03A869002D8024 /* Remember-Bridging-Header.h */ = {isa = PBXFileReference; fileEncoding = 4; lastKnownFileType = sourcecode.c.h; path = "Remember-Bridging-Header.h"; sourceTree = "<group>"; };
		823539A81E37256900B102D8 /* XCTest.framework */ = {isa = PBXFileReference; lastKnownFileType = wrapper.framework; name = XCTest.framework; path = Platforms/iPhoneOS.platform/Developer/Library/Frameworks/XCTest.framework; sourceTree = DEVELOPER_DIR; };
		823A341E1E252EBA0093FBF4 /* AboutViewController.swift */ = {isa = PBXFileReference; fileEncoding = 4; lastKnownFileType = sourcecode.swift; path = AboutViewController.swift; sourceTree = "<group>"; };
		823A34221E2530070093FBF4 /* AboutViewModel.swift */ = {isa = PBXFileReference; fileEncoding = 4; lastKnownFileType = sourcecode.swift; path = AboutViewModel.swift; sourceTree = "<group>"; };
		823A34271E2758590093FBF4 /* FirebaseAnalytics.framework */ = {isa = PBXFileReference; lastKnownFileType = wrapper.framework; path = FirebaseAnalytics.framework; sourceTree = "<group>"; };
		823A34281E2758590093FBF4 /* FirebaseCore.framework */ = {isa = PBXFileReference; lastKnownFileType = wrapper.framework; path = FirebaseCore.framework; sourceTree = "<group>"; };
		823A34291E2758590093FBF4 /* FirebaseInstanceID.framework */ = {isa = PBXFileReference; lastKnownFileType = wrapper.framework; path = FirebaseInstanceID.framework; sourceTree = "<group>"; };
		823A342A1E2758590093FBF4 /* GoogleInterchangeUtilities.framework */ = {isa = PBXFileReference; lastKnownFileType = wrapper.framework; path = GoogleInterchangeUtilities.framework; sourceTree = "<group>"; };
		823A342B1E2758590093FBF4 /* GoogleSymbolUtilities.framework */ = {isa = PBXFileReference; lastKnownFileType = wrapper.framework; path = GoogleSymbolUtilities.framework; sourceTree = "<group>"; };
		823A342C1E2758590093FBF4 /* GoogleUtilities.framework */ = {isa = PBXFileReference; lastKnownFileType = wrapper.framework; path = GoogleUtilities.framework; sourceTree = "<group>"; };
		823A343F1E2758840093FBF4 /* Firebase.h */ = {isa = PBXFileReference; fileEncoding = 4; lastKnownFileType = sourcecode.c.h; path = Firebase.h; sourceTree = "<group>"; };
		823A34401E27588E0093FBF4 /* module.modulemap */ = {isa = PBXFileReference; fileEncoding = 4; lastKnownFileType = "sourcecode.module-map"; path = module.modulemap; sourceTree = "<group>"; };
		823A34AB1E28A2FF0093FBF4 /* AddressBook.framework */ = {isa = PBXFileReference; lastKnownFileType = wrapper.framework; name = AddressBook.framework; path = System/Library/Frameworks/AddressBook.framework; sourceTree = SDKROOT; };
		823A34AD1E28A30B0093FBF4 /* libsqlite3.tbd */ = {isa = PBXFileReference; lastKnownFileType = "sourcecode.text-based-dylib-definition"; name = libsqlite3.tbd; path = usr/lib/libsqlite3.tbd; sourceTree = SDKROOT; };
		823A34AF1E28A3130093FBF4 /* libz.tbd */ = {isa = PBXFileReference; lastKnownFileType = "sourcecode.text-based-dylib-definition"; name = libz.tbd; path = usr/lib/libz.tbd; sourceTree = SDKROOT; };
		823A34B11E28A72C0093FBF4 /* GoogleService-Info.plist */ = {isa = PBXFileReference; fileEncoding = 4; lastKnownFileType = text.plist.xml; path = "GoogleService-Info.plist"; sourceTree = "<group>"; };
		823A34B51E28ADE30093FBF4 /* Remember.entitlements */ = {isa = PBXFileReference; lastKnownFileType = text.plist.entitlements; path = Remember.entitlements; sourceTree = "<group>"; };
		823A34B61E2E26C60093FBF4 /* InputTextField.swift */ = {isa = PBXFileReference; fileEncoding = 4; lastKnownFileType = sourcecode.swift; path = InputTextField.swift; sourceTree = "<group>"; };
		823A34BB1E2F4EAF0093FBF4 /* ThingTableViewCell.swift */ = {isa = PBXFileReference; fileEncoding = 4; lastKnownFileType = sourcecode.swift; path = ThingTableViewCell.swift; sourceTree = "<group>"; };
		823A34C11E31FBA60093FBF4 /* DZNEmptyDataSet.framework */ = {isa = PBXFileReference; lastKnownFileType = wrapper.framework; path = DZNEmptyDataSet.framework; sourceTree = "<group>"; };
		823A34C51E31FD630093FBF4 /* StringConstants.swift */ = {isa = PBXFileReference; fileEncoding = 4; lastKnownFileType = sourcecode.swift; path = StringConstants.swift; sourceTree = "<group>"; };
		823A34CC1E320DC00093FBF4 /* MessageBox.swift */ = {isa = PBXFileReference; fileEncoding = 4; lastKnownFileType = sourcecode.swift; path = MessageBox.swift; sourceTree = "<group>"; };
		825DEB151DD9DC070065090F /* Remember.app */ = {isa = PBXFileReference; explicitFileType = wrapper.application; includeInIndex = 0; path = Remember.app; sourceTree = BUILT_PRODUCTS_DIR; };
		825DEB181DD9DC070065090F /* AppDelegate.swift */ = {isa = PBXFileReference; lastKnownFileType = sourcecode.swift; path = AppDelegate.swift; sourceTree = "<group>"; };
		825DEB1D1DD9DC070065090F /* Base */ = {isa = PBXFileReference; lastKnownFileType = file.storyboard; name = Base; path = Base.lproj/Main.storyboard; sourceTree = "<group>"; };
		825DEB221DD9DC070065090F /* Assets.xcassets */ = {isa = PBXFileReference; lastKnownFileType = folder.assetcatalog; path = Assets.xcassets; sourceTree = "<group>"; };
		825DEB251DD9DC070065090F /* Base */ = {isa = PBXFileReference; lastKnownFileType = file.storyboard; name = Base; path = Base.lproj/LaunchScreen.storyboard; sourceTree = "<group>"; };
		825DEB271DD9DC070065090F /* Info.plist */ = {isa = PBXFileReference; lastKnownFileType = text.plist.xml; path = Info.plist; sourceTree = "<group>"; };
		825DEB2C1DD9DC070065090F /* RememberTests.xctest */ = {isa = PBXFileReference; explicitFileType = wrapper.cfbundle; includeInIndex = 0; path = RememberTests.xctest; sourceTree = BUILT_PRODUCTS_DIR; };
		825DEB301DD9DC070065090F /* RememberTests.swift */ = {isa = PBXFileReference; lastKnownFileType = sourcecode.swift; path = RememberTests.swift; sourceTree = "<group>"; };
		825DEB321DD9DC070065090F /* Info.plist */ = {isa = PBXFileReference; lastKnownFileType = text.plist.xml; path = Info.plist; sourceTree = "<group>"; };
		825DEB371DD9DC070065090F /* RememberUITests.xctest */ = {isa = PBXFileReference; explicitFileType = wrapper.cfbundle; includeInIndex = 0; path = RememberUITests.xctest; sourceTree = BUILT_PRODUCTS_DIR; };
		825DEB3B1DD9DC070065090F /* RememberUITests.swift */ = {isa = PBXFileReference; lastKnownFileType = sourcecode.swift; path = RememberUITests.swift; sourceTree = "<group>"; };
		825DEB3D1DD9DC070065090F /* Info.plist */ = {isa = PBXFileReference; lastKnownFileType = text.plist.xml; path = Info.plist; sourceTree = "<group>"; };
		825DEB501DDA0B640065090F /* InputThingView.swift */ = {isa = PBXFileReference; fileEncoding = 4; lastKnownFileType = sourcecode.swift; path = InputThingView.swift; sourceTree = "<group>"; };
		825DEB541DDA0B9B0065090F /* HomeViewController.swift */ = {isa = PBXFileReference; fileEncoding = 4; lastKnownFileType = sourcecode.swift; path = HomeViewController.swift; sourceTree = "<group>"; };
		826D44ED1E9693450010B449 /* SnapKit.framework */ = {isa = PBXFileReference; lastKnownFileType = wrapper.framework; path = SnapKit.framework; sourceTree = "<group>"; };
		82A923641EF17728004937EA /* HomeViewModelTests.swift */ = {isa = PBXFileReference; fileEncoding = 4; lastKnownFileType = sourcecode.swift; path = HomeViewModelTests.swift; sourceTree = "<group>"; };
		82A923661EF17962004937EA /* AboutViewModelTests.swift */ = {isa = PBXFileReference; fileEncoding = 4; lastKnownFileType = sourcecode.swift; path = AboutViewModelTests.swift; sourceTree = "<group>"; };
		82A923721EF2CE00004937EA /* MarqueeLabelSwift.framework */ = {isa = PBXFileReference; lastKnownFileType = wrapper.framework; path = MarqueeLabelSwift.framework; sourceTree = "<group>"; };
		82A923731EF2CE00004937EA /* NotificationBanner.framework */ = {isa = PBXFileReference; lastKnownFileType = wrapper.framework; path = NotificationBanner.framework; sourceTree = "<group>"; };
		82DB5C201E213B560037FAD5 /* SearchResultTableViewController.swift */ = {isa = PBXFileReference; fileEncoding = 4; lastKnownFileType = sourcecode.swift; path = SearchResultTableViewController.swift; sourceTree = "<group>"; };
		82DF5DA01E657EAE0027CA1F /* EditThingViewController.swift */ = {isa = PBXFileReference; fileEncoding = 4; lastKnownFileType = sourcecode.swift; path = EditThingViewController.swift; sourceTree = "<group>"; };
		82DF5DA61E6954950027CA1F /* FirebaseCrash.framework */ = {isa = PBXFileReference; lastKnownFileType = wrapper.framework; path = FirebaseCrash.framework; sourceTree = "<group>"; };
		82DF5DA91E6964010027CA1F /* Speech.framework */ = {isa = PBXFileReference; lastKnownFileType = wrapper.framework; name = Speech.framework; path = System/Library/Frameworks/Speech.framework; sourceTree = SDKROOT; };
		82DF5DAC1E6D58740027CA1F /* VoiceInputController.swift */ = {isa = PBXFileReference; fileEncoding = 4; lastKnownFileType = sourcecode.swift; path = VoiceInputController.swift; sourceTree = "<group>"; };
		82DF5DB31E7005380027CA1F /* VoiceInputViewModel.swift */ = {isa = PBXFileReference; fileEncoding = 4; lastKnownFileType = sourcecode.swift; path = VoiceInputViewModel.swift; sourceTree = "<group>"; };
		82DF5DBA1E7047A90027CA1F /* ImageIO.framework */ = {isa = PBXFileReference; lastKnownFileType = wrapper.framework; name = ImageIO.framework; path = System/Library/Frameworks/ImageIO.framework; sourceTree = SDKROOT; };
		82FED7C71E0A625300FDDFD2 /* HomeViewModel.swift */ = {isa = PBXFileReference; fileEncoding = 4; lastKnownFileType = sourcecode.swift; path = HomeViewModel.swift; sourceTree = "<group>"; };
		82FED7CA1E0A62EA00FDDFD2 /* ThingRepository.swift */ = {isa = PBXFileReference; fileEncoding = 4; lastKnownFileType = sourcecode.swift; path = ThingRepository.swift; sourceTree = "<group>"; };
		82FED7D61E0A78AC00FDDFD2 /* Remember.xcdatamodel */ = {isa = PBXFileReference; lastKnownFileType = wrapper.xcdatamodel; path = Remember.xcdatamodel; sourceTree = "<group>"; };
/* End PBXFileReference section */

/* Begin PBXFrameworksBuildPhase section */
		825DEB121DD9DC070065090F /* Frameworks */ = {
			isa = PBXFrameworksBuildPhase;
			buildActionMask = 2147483647;
			files = (
				82347E511F03A80F002D8024 /* SystemConfiguration.framework in Frameworks */,
				82347E4F1F03A809002D8024 /* CoreTelephony.framework in Frameworks */,
				82347E4D1F03A803002D8024 /* libresolv.tbd in Frameworks */,
				823A34B01E28A3130093FBF4 /* libz.tbd in Frameworks */,
				82DF5DBB1E7047A90027CA1F /* ImageIO.framework in Frameworks */,
				82347E461F03A7E2002D8024 /* UT.framework in Frameworks */,
				82DF5DAA1E6964010027CA1F /* Speech.framework in Frameworks */,
				826D44EE1E9693450010B449 /* SnapKit.framework in Frameworks */,
				82347E491F03A7E2002D8024 /* UTDID.framework in Frameworks */,
				82A923741EF2CE00004937EA /* MarqueeLabelSwift.framework in Frameworks */,
				823A34AE1E28A30B0093FBF4 /* libsqlite3.tbd in Frameworks */,
				823A34AC1E28A2FF0093FBF4 /* AddressBook.framework in Frameworks */,
				82A923771EF2CE00004937EA /* NotificationBanner.framework in Frameworks */,
				82347E401F03A7E2002D8024 /* AlicloudMobileAnalitics.framework in Frameworks */,
				823A343C1E27585A0093FBF4 /* GoogleUtilities.framework in Frameworks */,
				823A34301E27585A0093FBF4 /* FirebaseCore.framework in Frameworks */,
				82DF5DA71E6954950027CA1F /* FirebaseCrash.framework in Frameworks */,
				82347E431F03A7E2002D8024 /* AlicloudUtils.framework in Frameworks */,
				826D44EF1E96934F0010B449 /* SnapKit.framework in Frameworks */,
				823A34361E27585A0093FBF4 /* GoogleInterchangeUtilities.framework in Frameworks */,
				823A34391E27585A0093FBF4 /* GoogleSymbolUtilities.framework in Frameworks */,
				823A34331E27585A0093FBF4 /* FirebaseInstanceID.framework in Frameworks */,
				823A34C21E31FBA60093FBF4 /* DZNEmptyDataSet.framework in Frameworks */,
				823A342D1E2758590093FBF4 /* FirebaseAnalytics.framework in Frameworks */,
			);
			runOnlyForDeploymentPostprocessing = 0;
		};
		825DEB291DD9DC070065090F /* Frameworks */ = {
			isa = PBXFrameworksBuildPhase;
			buildActionMask = 2147483647;
			files = (
				823539AF1E3745B800B102D8 /* libsqlite3.tbd in Frameworks */,
				82347E471F03A7E2002D8024 /* UT.framework in Frameworks */,
				823539B11E3745BB00B102D8 /* libz.tbd in Frameworks */,
				823A343D1E27585A0093FBF4 /* GoogleUtilities.framework in Frameworks */,
				823A34311E27585A0093FBF4 /* FirebaseCore.framework in Frameworks */,
				82A923751EF2CE00004937EA /* MarqueeLabelSwift.framework in Frameworks */,
				82DF5DAB1E6964130027CA1F /* Speech.framework in Frameworks */,
				82347E571F03A9AE002D8024 /* libresolv.tbd in Frameworks */,
				823539A41E37251300B102D8 /* AddressBook.framework in Frameworks */,
				82347E4A1F03A7E2002D8024 /* UTDID.framework in Frameworks */,
				82347E551F03A9AB002D8024 /* CoreTelephony.framework in Frameworks */,
				823A34371E27585A0093FBF4 /* GoogleInterchangeUtilities.framework in Frameworks */,
				82347E531F03A9A8002D8024 /* SystemConfiguration.framework in Frameworks */,
				82A923781EF2CE00004937EA /* NotificationBanner.framework in Frameworks */,
				823A343A1E27585A0093FBF4 /* GoogleSymbolUtilities.framework in Frameworks */,
				823A34341E27585A0093FBF4 /* FirebaseInstanceID.framework in Frameworks */,
				82DF5DA81E6954950027CA1F /* FirebaseCrash.framework in Frameworks */,
				82347E411F03A7E2002D8024 /* AlicloudMobileAnalitics.framework in Frameworks */,
				823A342E1E27585A0093FBF4 /* FirebaseAnalytics.framework in Frameworks */,
				82347E441F03A7E2002D8024 /* AlicloudUtils.framework in Frameworks */,
			);
			runOnlyForDeploymentPostprocessing = 0;
		};
		825DEB341DD9DC070065090F /* Frameworks */ = {
			isa = PBXFrameworksBuildPhase;
			buildActionMask = 2147483647;
			files = (
				823A343E1E27585A0093FBF4 /* GoogleUtilities.framework in Frameworks */,
				82347E481F03A7E2002D8024 /* UT.framework in Frameworks */,
				823A34321E27585A0093FBF4 /* FirebaseCore.framework in Frameworks */,
				82347E421F03A7E2002D8024 /* AlicloudMobileAnalitics.framework in Frameworks */,
				82347E561F03A9AB002D8024 /* CoreTelephony.framework in Frameworks */,
				82347E581F03A9AF002D8024 /* libresolv.tbd in Frameworks */,
				823539A51E37251400B102D8 /* AddressBook.framework in Frameworks */,
				82A923791EF2CE00004937EA /* NotificationBanner.framework in Frameworks */,
				82347E541F03A9A9002D8024 /* SystemConfiguration.framework in Frameworks */,
				823539B01E3745B900B102D8 /* libsqlite3.tbd in Frameworks */,
				82A923761EF2CE00004937EA /* MarqueeLabelSwift.framework in Frameworks */,
				82347E4B1F03A7E2002D8024 /* UTDID.framework in Frameworks */,
				823A34381E27585A0093FBF4 /* GoogleInterchangeUtilities.framework in Frameworks */,
				823A343B1E27585A0093FBF4 /* GoogleSymbolUtilities.framework in Frameworks */,
				823A34351E27585A0093FBF4 /* FirebaseInstanceID.framework in Frameworks */,
				823A342F1E27585A0093FBF4 /* FirebaseAnalytics.framework in Frameworks */,
				823539B21E3745BC00B102D8 /* libz.tbd in Frameworks */,
				82347E451F03A7E2002D8024 /* AlicloudUtils.framework in Frameworks */,
			);
			runOnlyForDeploymentPostprocessing = 0;
		};
/* End PBXFrameworksBuildPhase section */

/* Begin PBXGroup section */
		823A34261E2758410093FBF4 /* Frameworks */ = {
			isa = PBXGroup;
			children = (
				82347E501F03A80F002D8024 /* SystemConfiguration.framework */,
				82347E4E1F03A809002D8024 /* CoreTelephony.framework */,
				82347E4C1F03A803002D8024 /* libresolv.tbd */,
				82347E3C1F03A7E1002D8024 /* AlicloudMobileAnalitics.framework */,
				82347E3D1F03A7E2002D8024 /* AlicloudUtils.framework */,
				82347E3E1F03A7E2002D8024 /* UT.framework */,
				82347E3F1F03A7E2002D8024 /* UTDID.framework */,
				82A923721EF2CE00004937EA /* MarqueeLabelSwift.framework */,
				82A923731EF2CE00004937EA /* NotificationBanner.framework */,
				826D44ED1E9693450010B449 /* SnapKit.framework */,
				82DF5DBA1E7047A90027CA1F /* ImageIO.framework */,
				82DF5DA91E6964010027CA1F /* Speech.framework */,
				82DF5DA61E6954950027CA1F /* FirebaseCrash.framework */,
				823539A81E37256900B102D8 /* XCTest.framework */,
				823A34C11E31FBA60093FBF4 /* DZNEmptyDataSet.framework */,
				823A34AF1E28A3130093FBF4 /* libz.tbd */,
				823A34AD1E28A30B0093FBF4 /* libsqlite3.tbd */,
				823A34AB1E28A2FF0093FBF4 /* AddressBook.framework */,
				823A34271E2758590093FBF4 /* FirebaseAnalytics.framework */,
				823A34281E2758590093FBF4 /* FirebaseCore.framework */,
				823A34291E2758590093FBF4 /* FirebaseInstanceID.framework */,
				823A342A1E2758590093FBF4 /* GoogleInterchangeUtilities.framework */,
				823A342B1E2758590093FBF4 /* GoogleSymbolUtilities.framework */,
				823A342C1E2758590093FBF4 /* GoogleUtilities.framework */,
			);
			path = Frameworks;
			sourceTree = "<group>";
		};
		825DEB0C1DD9DC070065090F = {
			isa = PBXGroup;
			children = (
				823A34261E2758410093FBF4 /* Frameworks */,
				825DEB171DD9DC070065090F /* Remember */,
				825DEB2F1DD9DC070065090F /* RememberTests */,
				825DEB3A1DD9DC070065090F /* RememberUITests */,
				825DEB161DD9DC070065090F /* Products */,
			);
			sourceTree = "<group>";
		};
		825DEB161DD9DC070065090F /* Products */ = {
			isa = PBXGroup;
			children = (
				825DEB151DD9DC070065090F /* Remember.app */,
				825DEB2C1DD9DC070065090F /* RememberTests.xctest */,
				825DEB371DD9DC070065090F /* RememberUITests.xctest */,
			);
			name = Products;
			sourceTree = "<group>";
		};
		825DEB171DD9DC070065090F /* Remember */ = {
			isa = PBXGroup;
			children = (
				823A34B51E28ADE30093FBF4 /* Remember.entitlements */,
				823A34401E27588E0093FBF4 /* module.modulemap */,
				823A343F1E2758840093FBF4 /* Firebase.h */,
				823A34B11E28A72C0093FBF4 /* GoogleService-Info.plist */,
				825DEB271DD9DC070065090F /* Info.plist */,
				825DEB181DD9DC070065090F /* AppDelegate.swift */,
				821FC4CC1E7141B100A64E94 /* voicewave.gif */,
				825DEB221DD9DC070065090F /* Assets.xcassets */,
				825DEB521DDA0B9B0065090F /* Controller */,
				825DEB241DD9DC070065090F /* LaunchScreen.storyboard */,
				825DEB1C1DD9DC070065090F /* Main.storyboard */,
				82FED7CE1E0A631700FDDFD2 /* Model */,
				82FED7C61E0A624100FDDFD2 /* ViewModel */,
				82FED7D51E0A78AC00FDDFD2 /* Remember.xcdatamodeld */,
				825DEB4F1DDA0B640065090F /* View */,
				82347E521F03A869002D8024 /* Remember-Bridging-Header.h */,
			);
			path = Remember;
			sourceTree = "<group>";
		};
		825DEB2F1DD9DC070065090F /* RememberTests */ = {
			isa = PBXGroup;
			children = (
				825DEB301DD9DC070065090F /* RememberTests.swift */,
				825DEB321DD9DC070065090F /* Info.plist */,
				82A923641EF17728004937EA /* HomeViewModelTests.swift */,
				82A923661EF17962004937EA /* AboutViewModelTests.swift */,
			);
			path = RememberTests;
			sourceTree = "<group>";
		};
		825DEB3A1DD9DC070065090F /* RememberUITests */ = {
			isa = PBXGroup;
			children = (
				825DEB3B1DD9DC070065090F /* RememberUITests.swift */,
				825DEB3D1DD9DC070065090F /* Info.plist */,
			);
			path = RememberUITests;
			sourceTree = "<group>";
		};
		825DEB4F1DDA0B640065090F /* View */ = {
			isa = PBXGroup;
			children = (
				825DEB501DDA0B640065090F /* InputThingView.swift */,
				823A34B61E2E26C60093FBF4 /* InputTextField.swift */,
				823A34CC1E320DC00093FBF4 /* MessageBox.swift */,
				821FC4C91E71407600A64E94 /* UIImage+Gif.swift */,
			);
			path = View;
			sourceTree = "<group>";
		};
		825DEB521DDA0B9B0065090F /* Controller */ = {
			isa = PBXGroup;
			children = (
				825DEB541DDA0B9B0065090F /* HomeViewController.swift */,
				82DB5C201E213B560037FAD5 /* SearchResultTableViewController.swift */,
				823A341E1E252EBA0093FBF4 /* AboutViewController.swift */,
				823A34BB1E2F4EAF0093FBF4 /* ThingTableViewCell.swift */,
				82DF5DA01E657EAE0027CA1F /* EditThingViewController.swift */,
				82DF5DAC1E6D58740027CA1F /* VoiceInputController.swift */,
			);
			path = Controller;
			sourceTree = "<group>";
		};
		82FED7C61E0A624100FDDFD2 /* ViewModel */ = {
			isa = PBXGroup;
			children = (
				82FED7C71E0A625300FDDFD2 /* HomeViewModel.swift */,
				82FED7CA1E0A62EA00FDDFD2 /* ThingRepository.swift */,
				823A34221E2530070093FBF4 /* AboutViewModel.swift */,
				823A34C51E31FD630093FBF4 /* StringConstants.swift */,
				82DF5DB31E7005380027CA1F /* VoiceInputViewModel.swift */,
				820B83971F0A9AF7007E3C15 /* ThingService.swift */,
				820B839B1F0BD102007E3C15 /* TagStorage.swift */,
				820B839F1F0BD187007E3C15 /* ThingTagStorage.swift */,
			);
			name = ViewModel;
			path = Presenter;
			sourceTree = "<group>";
		};
		82FED7CE1E0A631700FDDFD2 /* Model */ = {
			isa = PBXGroup;
			children = (
				820B83C31F0E8237007E3C15 /* ThingTagEntity.swift */,
				820B83BB1F0E81FE007E3C15 /* TagEntity.swift */,
				820B83B31F0E81A0007E3C15 /* ThingEntity.swift */,
				820B83DB1F0E8AA6007E3C15 /* ThingModel.swift */,
				820B83DF1F0E8D16007E3C15 /* ThingTagModel.swift */,
				820B83E31F0E8D3D007E3C15 /* TagModel.swift */,
			);
			path = Model;
			sourceTree = "<group>";
		};
/* End PBXGroup section */

/* Begin PBXNativeTarget section */
		825DEB141DD9DC070065090F /* Remember */ = {
			isa = PBXNativeTarget;
			buildConfigurationList = 825DEB401DD9DC070065090F /* Build configuration list for PBXNativeTarget "Remember" */;
			buildPhases = (
				825DEB111DD9DC070065090F /* Sources */,
				825DEB121DD9DC070065090F /* Frameworks */,
				825DEB131DD9DC070065090F /* Resources */,
				823A34CB1E31FE1A0093FBF4 /* Embed Frameworks */,
				823A34D01E325B890093FBF4 /* ShellScript */,
			);
			buildRules = (
			);
			dependencies = (
			);
			name = Remember;
			productName = Remember;
			productReference = 825DEB151DD9DC070065090F /* Remember.app */;
			productType = "com.apple.product-type.application";
		};
		825DEB2B1DD9DC070065090F /* RememberTests */ = {
			isa = PBXNativeTarget;
			buildConfigurationList = 825DEB431DD9DC070065090F /* Build configuration list for PBXNativeTarget "RememberTests" */;
			buildPhases = (
				825DEB281DD9DC070065090F /* Sources */,
				825DEB291DD9DC070065090F /* Frameworks */,
				825DEB2A1DD9DC070065090F /* Resources */,
			);
			buildRules = (
			);
			dependencies = (
				825DEB2E1DD9DC070065090F /* PBXTargetDependency */,
			);
			name = RememberTests;
			productName = RememberTests;
			productReference = 825DEB2C1DD9DC070065090F /* RememberTests.xctest */;
			productType = "com.apple.product-type.bundle.unit-test";
		};
		825DEB361DD9DC070065090F /* RememberUITests */ = {
			isa = PBXNativeTarget;
			buildConfigurationList = 825DEB461DD9DC070065090F /* Build configuration list for PBXNativeTarget "RememberUITests" */;
			buildPhases = (
				825DEB331DD9DC070065090F /* Sources */,
				825DEB341DD9DC070065090F /* Frameworks */,
				825DEB351DD9DC070065090F /* Resources */,
			);
			buildRules = (
			);
			dependencies = (
				825DEB391DD9DC070065090F /* PBXTargetDependency */,
			);
			name = RememberUITests;
			productName = RememberUITests;
			productReference = 825DEB371DD9DC070065090F /* RememberUITests.xctest */;
			productType = "com.apple.product-type.bundle.ui-testing";
		};
/* End PBXNativeTarget section */

/* Begin PBXProject section */
		825DEB0D1DD9DC070065090F /* Project object */ = {
			isa = PBXProject;
			attributes = {
				LastSwiftUpdateCheck = 0810;
				LastUpgradeCheck = 0830;
				ORGANIZATIONNAME = "Songbai Yan";
				TargetAttributes = {
					825DEB141DD9DC070065090F = {
						CreatedOnToolsVersion = 8.1;
						DevelopmentTeam = XD7JAMNS86;
						ProvisioningStyle = Automatic;
						SystemCapabilities = {
							com.apple.Push = {
								enabled = 1;
							};
						};
					};
					825DEB2B1DD9DC070065090F = {
						CreatedOnToolsVersion = 8.1;
						DevelopmentTeam = XD7JAMNS86;
						ProvisioningStyle = Automatic;
						TestTargetID = 825DEB141DD9DC070065090F;
					};
					825DEB361DD9DC070065090F = {
						CreatedOnToolsVersion = 8.1;
						DevelopmentTeam = XD7JAMNS86;
						ProvisioningStyle = Automatic;
						TestTargetID = 825DEB141DD9DC070065090F;
					};
				};
			};
			buildConfigurationList = 825DEB101DD9DC070065090F /* Build configuration list for PBXProject "Remember" */;
			compatibilityVersion = "Xcode 3.2";
			developmentRegion = English;
			hasScannedForEncodings = 0;
			knownRegions = (
				en,
				Base,
			);
			mainGroup = 825DEB0C1DD9DC070065090F;
			productRefGroup = 825DEB161DD9DC070065090F /* Products */;
			projectDirPath = "";
			projectRoot = "";
			targets = (
				825DEB141DD9DC070065090F /* Remember */,
				825DEB2B1DD9DC070065090F /* RememberTests */,
				825DEB361DD9DC070065090F /* RememberUITests */,
			);
		};
/* End PBXProject section */

/* Begin PBXResourcesBuildPhase section */
		825DEB131DD9DC070065090F /* Resources */ = {
			isa = PBXResourcesBuildPhase;
			buildActionMask = 2147483647;
			files = (
				825DEB261DD9DC070065090F /* LaunchScreen.storyboard in Resources */,
				823A34B21E28A72C0093FBF4 /* GoogleService-Info.plist in Resources */,
				821FC4CD1E7141B100A64E94 /* voicewave.gif in Resources */,
				825DEB231DD9DC070065090F /* Assets.xcassets in Resources */,
				825DEB1E1DD9DC070065090F /* Main.storyboard in Resources */,
			);
			runOnlyForDeploymentPostprocessing = 0;
		};
		825DEB2A1DD9DC070065090F /* Resources */ = {
			isa = PBXResourcesBuildPhase;
			buildActionMask = 2147483647;
			files = (
				821FC4CE1E7141B100A64E94 /* voicewave.gif in Resources */,
				823A34B31E28A72C0093FBF4 /* GoogleService-Info.plist in Resources */,
			);
			runOnlyForDeploymentPostprocessing = 0;
		};
		825DEB351DD9DC070065090F /* Resources */ = {
			isa = PBXResourcesBuildPhase;
			buildActionMask = 2147483647;
			files = (
				823A34B41E28A72C0093FBF4 /* GoogleService-Info.plist in Resources */,
			);
			runOnlyForDeploymentPostprocessing = 0;
		};
/* End PBXResourcesBuildPhase section */

/* Begin PBXShellScriptBuildPhase section */
		823A34D01E325B890093FBF4 /* ShellScript */ = {
			isa = PBXShellScriptBuildPhase;
			buildActionMask = 2147483647;
			files = (
			);
			inputPaths = (
			);
			outputPaths = (
			);
			runOnlyForDeploymentPostprocessing = 0;
			shellPath = /bin/sh;
			shellScript = "APP_PATH=\"${TARGET_BUILD_DIR}/${WRAPPER_NAME}\"\n\n# This script loops through the frameworks embedded in the application and\n# removes unused architectures.\nfind \"$APP_PATH\" -name '*.framework' -type d | while read -r FRAMEWORK\ndo\nFRAMEWORK_EXECUTABLE_NAME=$(defaults read \"$FRAMEWORK/Info.plist\" CFBundleExecutable)\nFRAMEWORK_EXECUTABLE_PATH=\"$FRAMEWORK/$FRAMEWORK_EXECUTABLE_NAME\"\necho \"Executable is $FRAMEWORK_EXECUTABLE_PATH\"\n\nEXTRACTED_ARCHS=()\n\nfor ARCH in $ARCHS\ndo\necho \"Extracting $ARCH from $FRAMEWORK_EXECUTABLE_NAME\"\nlipo -extract \"$ARCH\" \"$FRAMEWORK_EXECUTABLE_PATH\" -o \"$FRAMEWORK_EXECUTABLE_PATH-$ARCH\"\nEXTRACTED_ARCHS+=(\"$FRAMEWORK_EXECUTABLE_PATH-$ARCH\")\ndone\n\necho \"Merging extracted architectures: ${ARCHS}\"\nlipo -o \"$FRAMEWORK_EXECUTABLE_PATH-merged\" -create \"${EXTRACTED_ARCHS[@]}\"\nrm \"${EXTRACTED_ARCHS[@]}\"\n\necho \"Replacing original executable with thinned version\"\nrm \"$FRAMEWORK_EXECUTABLE_PATH\"\nmv \"$FRAMEWORK_EXECUTABLE_PATH-merged\" \"$FRAMEWORK_EXECUTABLE_PATH\"\n\ndone";
		};
/* End PBXShellScriptBuildPhase section */

/* Begin PBXSourcesBuildPhase section */
		825DEB111DD9DC070065090F /* Sources */ = {
			isa = PBXSourcesBuildPhase;
			buildActionMask = 2147483647;
			files = (
				821FC4CA1E71407600A64E94 /* UIImage+Gif.swift in Sources */,
				82DF5DA11E657EAE0027CA1F /* EditThingViewController.swift in Sources */,
				82FED7CB1E0A62EA00FDDFD2 /* ThingRepository.swift in Sources */,
				823A34231E2530070093FBF4 /* AboutViewModel.swift in Sources */,
				820B83981F0A9AF7007E3C15 /* ThingService.swift in Sources */,
				820B83B51F0E81A0007E3C15 /* ThingEntity.swift in Sources */,
				825DEB561DDA0B9B0065090F /* HomeViewController.swift in Sources */,
				823A34CD1E320DC00093FBF4 /* MessageBox.swift in Sources */,
				820B83C51F0E8237007E3C15 /* ThingTagEntity.swift in Sources */,
				82FED7C81E0A625300FDDFD2 /* HomeViewModel.swift in Sources */,
				823A34B71E2E26C60093FBF4 /* InputTextField.swift in Sources */,
				82FED7D71E0A78AC00FDDFD2 /* Remember.xcdatamodeld in Sources */,
				820B83A01F0BD187007E3C15 /* ThingTagStorage.swift in Sources */,
				82DF5DAD1E6D58740027CA1F /* VoiceInputController.swift in Sources */,
				823A34BC1E2F4EAF0093FBF4 /* ThingTableViewCell.swift in Sources */,
				825DEB511DDA0B640065090F /* InputThingView.swift in Sources */,
				820B83E41F0E8D3D007E3C15 /* TagModel.swift in Sources */,
				820B83BD1F0E81FE007E3C15 /* TagEntity.swift in Sources */,
				82DF5DB41E7005380027CA1F /* VoiceInputViewModel.swift in Sources */,
				825DEB191DD9DC070065090F /* AppDelegate.swift in Sources */,
				823A34C61E31FD630093FBF4 /* StringConstants.swift in Sources */,
				823A341F1E252EBA0093FBF4 /* AboutViewController.swift in Sources */,
				82DB5C211E213B560037FAD5 /* SearchResultTableViewController.swift in Sources */,
				820B83DC1F0E8AA6007E3C15 /* ThingModel.swift in Sources */,
				820B83E01F0E8D16007E3C15 /* ThingTagModel.swift in Sources */,
				820B839C1F0BD102007E3C15 /* TagStorage.swift in Sources */,
			);
			runOnlyForDeploymentPostprocessing = 0;
		};
		825DEB281DD9DC070065090F /* Sources */ = {
			isa = PBXSourcesBuildPhase;
			buildActionMask = 2147483647;
			files = (
				825DEB311DD9DC070065090F /* RememberTests.swift in Sources */,
				820B83DD1F0E8AA6007E3C15 /* ThingModel.swift in Sources */,
				823A34C71E31FD630093FBF4 /* StringConstants.swift in Sources */,
				820B83E51F0E8D3D007E3C15 /* TagModel.swift in Sources */,
				82FED7CC1E0A62EA00FDDFD2 /* ThingRepository.swift in Sources */,
				82DB5C221E213B560037FAD5 /* SearchResultTableViewController.swift in Sources */,
				82A923671EF17962004937EA /* AboutViewModelTests.swift in Sources */,
				823A34201E252EBA0093FBF4 /* AboutViewController.swift in Sources */,
				823539B91E38863400B102D8 /* InputThingView.swift in Sources */,
				82A923651EF17728004937EA /* HomeViewModelTests.swift in Sources */,
				823539B71E3885E400B102D8 /* HomeViewController.swift in Sources */,
				820B83BE1F0E81FE007E3C15 /* TagEntity.swift in Sources */,
				820B839D1F0BD102007E3C15 /* TagStorage.swift in Sources */,
				820B83C61F0E8237007E3C15 /* ThingTagEntity.swift in Sources */,
				820B83991F0A9AF7007E3C15 /* ThingService.swift in Sources */,
				82DF5DA21E657EB10027CA1F /* EditThingViewController.swift in Sources */,
				820B83A11F0BD187007E3C15 /* ThingTagStorage.swift in Sources */,
				82DF5DAE1E6D58740027CA1F /* VoiceInputController.swift in Sources */,
				82DF5DB51E7005380027CA1F /* VoiceInputViewModel.swift in Sources */,
				82FED7C91E0A625300FDDFD2 /* HomeViewModel.swift in Sources */,
				823A34241E2530070093FBF4 /* AboutViewModel.swift in Sources */,
				820B83B61F0E81A0007E3C15 /* ThingEntity.swift in Sources */,
				823539B51E3885DA00B102D8 /* AppDelegate.swift in Sources */,
				823A34B81E2E26C60093FBF4 /* InputTextField.swift in Sources */,
				823A34CE1E320DC00093FBF4 /* MessageBox.swift in Sources */,
				823A34BD1E2F4EAF0093FBF4 /* ThingTableViewCell.swift in Sources */,
				820B83E11F0E8D16007E3C15 /* ThingTagModel.swift in Sources */,
				821FC4CB1E71407600A64E94 /* UIImage+Gif.swift in Sources */,
				82FED7D81E0A78AC00FDDFD2 /* Remember.xcdatamodeld in Sources */,
			);
			runOnlyForDeploymentPostprocessing = 0;
		};
		825DEB331DD9DC070065090F /* Sources */ = {
			isa = PBXSourcesBuildPhase;
			buildActionMask = 2147483647;
			files = (
				825BA5FA1ED4818D00B4545B /* VoiceInputViewModel.swift in Sources */,
				823539B61E3885DB00B102D8 /* AppDelegate.swift in Sources */,
				823A34BE1E2F4EAF0093FBF4 /* ThingTableViewCell.swift in Sources */,
				825DEB3C1DD9DC070065090F /* RememberUITests.swift in Sources */,
				820B839A1F0A9AF7007E3C15 /* ThingService.swift in Sources */,
				820B83B71F0E81A0007E3C15 /* ThingEntity.swift in Sources */,
				825BA5F81ED4817400B4545B /* VoiceInputController.swift in Sources */,
				823539AC1E37458300B102D8 /* ThingRepository.swift in Sources */,
				820B83C71F0E8237007E3C15 /* ThingTagEntity.swift in Sources */,
				823A34C81E31FD630093FBF4 /* StringConstants.swift in Sources */,
				825BA5F71ED47E1600B4545B /* HomeViewController.swift in Sources */,
				825BA5F91ED4818600B4545B /* EditThingViewController.swift in Sources */,
				820B83A21F0BD187007E3C15 /* ThingTagStorage.swift in Sources */,
				823A34CF1E320DC00093FBF4 /* MessageBox.swift in Sources */,
				823A34BA1E2E294C0093FBF4 /* HomeViewModel.swift in Sources */,
				825BA5FB1ED4819600B4545B /* UIImage+Gif.swift in Sources */,
				820B83E61F0E8D3D007E3C15 /* TagModel.swift in Sources */,
				820B83BF1F0E81FE007E3C15 /* TagEntity.swift in Sources */,
				823A34251E2530070093FBF4 /* AboutViewModel.swift in Sources */,
				823A34211E252EBA0093FBF4 /* AboutViewController.swift in Sources */,
				823A34B91E2E26C60093FBF4 /* InputTextField.swift in Sources */,
				823539BA1E38863500B102D8 /* InputThingView.swift in Sources */,
				820B839E1F0BD102007E3C15 /* TagStorage.swift in Sources */,
				820B83DE1F0E8AA6007E3C15 /* ThingModel.swift in Sources */,
				820B83E21F0E8D16007E3C15 /* ThingTagModel.swift in Sources */,
				82DB5C231E213B560037FAD5 /* SearchResultTableViewController.swift in Sources */,
			);
			runOnlyForDeploymentPostprocessing = 0;
		};
/* End PBXSourcesBuildPhase section */

/* Begin PBXTargetDependency section */
		825DEB2E1DD9DC070065090F /* PBXTargetDependency */ = {
			isa = PBXTargetDependency;
			target = 825DEB141DD9DC070065090F /* Remember */;
			targetProxy = 825DEB2D1DD9DC070065090F /* PBXContainerItemProxy */;
		};
		825DEB391DD9DC070065090F /* PBXTargetDependency */ = {
			isa = PBXTargetDependency;
			target = 825DEB141DD9DC070065090F /* Remember */;
			targetProxy = 825DEB381DD9DC070065090F /* PBXContainerItemProxy */;
		};
/* End PBXTargetDependency section */

/* Begin PBXVariantGroup section */
		825DEB1C1DD9DC070065090F /* Main.storyboard */ = {
			isa = PBXVariantGroup;
			children = (
				825DEB1D1DD9DC070065090F /* Base */,
			);
			name = Main.storyboard;
			sourceTree = "<group>";
		};
		825DEB241DD9DC070065090F /* LaunchScreen.storyboard */ = {
			isa = PBXVariantGroup;
			children = (
				825DEB251DD9DC070065090F /* Base */,
			);
			name = LaunchScreen.storyboard;
			sourceTree = "<group>";
		};
/* End PBXVariantGroup section */

/* Begin XCBuildConfiguration section */
		825DEB3E1DD9DC070065090F /* Debug */ = {
			isa = XCBuildConfiguration;
			buildSettings = {
				ALWAYS_SEARCH_USER_PATHS = NO;
				CLANG_ANALYZER_NONNULL = YES;
				CLANG_CXX_LANGUAGE_STANDARD = "gnu++0x";
				CLANG_CXX_LIBRARY = "libc++";
				CLANG_ENABLE_MODULES = YES;
				CLANG_ENABLE_OBJC_ARC = YES;
				CLANG_WARN_BOOL_CONVERSION = YES;
				CLANG_WARN_CONSTANT_CONVERSION = YES;
				CLANG_WARN_DIRECT_OBJC_ISA_USAGE = YES_ERROR;
				CLANG_WARN_DOCUMENTATION_COMMENTS = YES;
				CLANG_WARN_EMPTY_BODY = YES;
				CLANG_WARN_ENUM_CONVERSION = YES;
				CLANG_WARN_INFINITE_RECURSION = YES;
				CLANG_WARN_INT_CONVERSION = YES;
				CLANG_WARN_OBJC_ROOT_CLASS = YES_ERROR;
				CLANG_WARN_SUSPICIOUS_MOVE = YES;
				CLANG_WARN_SUSPICIOUS_MOVES = YES;
				CLANG_WARN_UNREACHABLE_CODE = YES;
				CLANG_WARN__DUPLICATE_METHOD_MATCH = YES;
				"CODE_SIGN_IDENTITY[sdk=iphoneos*]" = "iPhone Developer";
				COPY_PHASE_STRIP = NO;
				DEBUG_INFORMATION_FORMAT = dwarf;
				ENABLE_STRICT_OBJC_MSGSEND = YES;
				ENABLE_TESTABILITY = YES;
				GCC_C_LANGUAGE_STANDARD = gnu99;
				GCC_DYNAMIC_NO_PIC = NO;
				GCC_NO_COMMON_BLOCKS = YES;
				GCC_OPTIMIZATION_LEVEL = 0;
				GCC_PREPROCESSOR_DEFINITIONS = (
					"DEBUG=1",
					"$(inherited)",
				);
				GCC_WARN_64_TO_32_BIT_CONVERSION = YES;
				GCC_WARN_ABOUT_RETURN_TYPE = YES_ERROR;
				GCC_WARN_UNDECLARED_SELECTOR = YES;
				GCC_WARN_UNINITIALIZED_AUTOS = YES_AGGRESSIVE;
				GCC_WARN_UNUSED_FUNCTION = YES;
				GCC_WARN_UNUSED_VARIABLE = YES;
				IPHONEOS_DEPLOYMENT_TARGET = 10.1;
				MTL_ENABLE_DEBUG_INFO = YES;
				ONLY_ACTIVE_ARCH = YES;
				SDKROOT = iphoneos;
				SWIFT_ACTIVE_COMPILATION_CONDITIONS = DEBUG;
				SWIFT_OPTIMIZATION_LEVEL = "-Onone";
				TARGETED_DEVICE_FAMILY = "1,2";
			};
			name = Debug;
		};
		825DEB3F1DD9DC070065090F /* Release */ = {
			isa = XCBuildConfiguration;
			buildSettings = {
				ALWAYS_SEARCH_USER_PATHS = NO;
				CLANG_ANALYZER_NONNULL = YES;
				CLANG_CXX_LANGUAGE_STANDARD = "gnu++0x";
				CLANG_CXX_LIBRARY = "libc++";
				CLANG_ENABLE_MODULES = YES;
				CLANG_ENABLE_OBJC_ARC = YES;
				CLANG_WARN_BOOL_CONVERSION = YES;
				CLANG_WARN_CONSTANT_CONVERSION = YES;
				CLANG_WARN_DIRECT_OBJC_ISA_USAGE = YES_ERROR;
				CLANG_WARN_DOCUMENTATION_COMMENTS = YES;
				CLANG_WARN_EMPTY_BODY = YES;
				CLANG_WARN_ENUM_CONVERSION = YES;
				CLANG_WARN_INFINITE_RECURSION = YES;
				CLANG_WARN_INT_CONVERSION = YES;
				CLANG_WARN_OBJC_ROOT_CLASS = YES_ERROR;
				CLANG_WARN_SUSPICIOUS_MOVE = YES;
				CLANG_WARN_SUSPICIOUS_MOVES = YES;
				CLANG_WARN_UNREACHABLE_CODE = YES;
				CLANG_WARN__DUPLICATE_METHOD_MATCH = YES;
				"CODE_SIGN_IDENTITY[sdk=iphoneos*]" = "iPhone Developer";
				COPY_PHASE_STRIP = NO;
				DEBUG_INFORMATION_FORMAT = "dwarf-with-dsym";
				ENABLE_NS_ASSERTIONS = NO;
				ENABLE_STRICT_OBJC_MSGSEND = YES;
				GCC_C_LANGUAGE_STANDARD = gnu99;
				GCC_NO_COMMON_BLOCKS = YES;
				GCC_WARN_64_TO_32_BIT_CONVERSION = YES;
				GCC_WARN_ABOUT_RETURN_TYPE = YES_ERROR;
				GCC_WARN_UNDECLARED_SELECTOR = YES;
				GCC_WARN_UNINITIALIZED_AUTOS = YES_AGGRESSIVE;
				GCC_WARN_UNUSED_FUNCTION = YES;
				GCC_WARN_UNUSED_VARIABLE = YES;
				IPHONEOS_DEPLOYMENT_TARGET = 10.1;
				MTL_ENABLE_DEBUG_INFO = NO;
				SDKROOT = iphoneos;
				SWIFT_OPTIMIZATION_LEVEL = "-Owholemodule";
				TARGETED_DEVICE_FAMILY = "1,2";
				VALIDATE_PRODUCT = YES;
			};
			name = Release;
		};
		825DEB411DD9DC070065090F /* Debug */ = {
			isa = XCBuildConfiguration;
			buildSettings = {
				ALWAYS_SEARCH_USER_PATHS = NO;
				ASSETCATALOG_COMPILER_APPICON_NAME = AppIcon;
				ASSETCATALOG_COMPILER_LAUNCHIMAGE_NAME = "LaunchImage-1";
				CODE_SIGN_ENTITLEMENTS = Remember/Remember.entitlements;
				DEVELOPMENT_TEAM = XD7JAMNS86;
				FRAMEWORK_SEARCH_PATHS = (
					"$(inherited)",
					"$(PROJECT_DIR)/Frameworks",
				);
				INFOPLIST_FILE = Remember/Info.plist;
				LD_RUNPATH_SEARCH_PATHS = "$(inherited) @executable_path/Frameworks";
				OTHER_LDFLAGS = (
					"-ObjC",
					"-lstdc++",
				);
				PRODUCT_BUNDLE_IDENTIFIER = com.woodystudio.remember;
				PRODUCT_NAME = "$(TARGET_NAME)";
				SWIFT_OBJC_BRIDGING_HEADER = "Remember/Remember-Bridging-Header.h";
				SWIFT_VERSION = 3.0;
				TARGETED_DEVICE_FAMILY = 1;
				USER_HEADER_SEARCH_PATHS = "$PROJECT_DIR/**";
			};
			name = Debug;
		};
		825DEB421DD9DC070065090F /* Release */ = {
			isa = XCBuildConfiguration;
			buildSettings = {
				ALWAYS_SEARCH_USER_PATHS = NO;
				ASSETCATALOG_COMPILER_APPICON_NAME = AppIcon;
				ASSETCATALOG_COMPILER_LAUNCHIMAGE_NAME = "LaunchImage-1";
				CODE_SIGN_ENTITLEMENTS = Remember/Remember.entitlements;
				DEVELOPMENT_TEAM = XD7JAMNS86;
				FRAMEWORK_SEARCH_PATHS = (
					"$(inherited)",
					"$(PROJECT_DIR)/Frameworks",
				);
				INFOPLIST_FILE = Remember/Info.plist;
				LD_RUNPATH_SEARCH_PATHS = "$(inherited) @executable_path/Frameworks";
				OTHER_LDFLAGS = (
					"-ObjC",
					"-lstdc++",
				);
				PRODUCT_BUNDLE_IDENTIFIER = com.woodystudio.remember;
				PRODUCT_NAME = "$(TARGET_NAME)";
				SWIFT_OBJC_BRIDGING_HEADER = "Remember/Remember-Bridging-Header.h";
				SWIFT_VERSION = 3.0;
				TARGETED_DEVICE_FAMILY = 1;
				USER_HEADER_SEARCH_PATHS = "$PROJECT_DIR/**";
			};
			name = Release;
		};
		825DEB441DD9DC070065090F /* Debug */ = {
			isa = XCBuildConfiguration;
			buildSettings = {
				ALWAYS_EMBED_SWIFT_STANDARD_LIBRARIES = YES;
				BUNDLE_LOADER = "$(TEST_HOST)";
				DEVELOPMENT_TEAM = XD7JAMNS86;
				FRAMEWORK_SEARCH_PATHS = (
					"$(inherited)",
					"$(PROJECT_DIR)/Frameworks",
				);
				INFOPLIST_FILE = RememberTests/Info.plist;
				LD_RUNPATH_SEARCH_PATHS = "$(inherited) @executable_path/Frameworks @loader_path/Frameworks";
				PRODUCT_BUNDLE_IDENTIFIER = com.woodystudio.RememberTests;
				PRODUCT_NAME = "$(TARGET_NAME)";
				SWIFT_VERSION = 3.0;
				TEST_HOST = "$(BUILT_PRODUCTS_DIR)/Remember.app/Remember";
			};
			name = Debug;
		};
		825DEB451DD9DC070065090F /* Release */ = {
			isa = XCBuildConfiguration;
			buildSettings = {
				ALWAYS_EMBED_SWIFT_STANDARD_LIBRARIES = YES;
				BUNDLE_LOADER = "$(TEST_HOST)";
				DEVELOPMENT_TEAM = XD7JAMNS86;
				FRAMEWORK_SEARCH_PATHS = (
					"$(inherited)",
					"$(PROJECT_DIR)/Frameworks",
				);
				INFOPLIST_FILE = RememberTests/Info.plist;
				LD_RUNPATH_SEARCH_PATHS = "$(inherited) @executable_path/Frameworks @loader_path/Frameworks";
				PRODUCT_BUNDLE_IDENTIFIER = com.woodystudio.RememberTests;
				PRODUCT_NAME = "$(TARGET_NAME)";
				SWIFT_VERSION = 3.0;
				TEST_HOST = "$(BUILT_PRODUCTS_DIR)/Remember.app/Remember";
			};
			name = Release;
		};
		825DEB471DD9DC070065090F /* Debug */ = {
			isa = XCBuildConfiguration;
			buildSettings = {
				ALWAYS_EMBED_SWIFT_STANDARD_LIBRARIES = YES;
				DEVELOPMENT_TEAM = XD7JAMNS86;
				FRAMEWORK_SEARCH_PATHS = (
					"$(inherited)",
					"$(PROJECT_DIR)/Frameworks",
				);
				INFOPLIST_FILE = RememberUITests/Info.plist;
				LD_RUNPATH_SEARCH_PATHS = "$(inherited) @executable_path/Frameworks @loader_path/Frameworks";
				PRODUCT_BUNDLE_IDENTIFIER = com.woodystudio.RememberUITests;
				PRODUCT_NAME = "$(TARGET_NAME)";
				SWIFT_VERSION = 3.0;
				TEST_TARGET_NAME = Remember;
			};
			name = Debug;
		};
		825DEB481DD9DC070065090F /* Release */ = {
			isa = XCBuildConfiguration;
			buildSettings = {
				ALWAYS_EMBED_SWIFT_STANDARD_LIBRARIES = YES;
				DEVELOPMENT_TEAM = XD7JAMNS86;
				FRAMEWORK_SEARCH_PATHS = (
					"$(inherited)",
					"$(PROJECT_DIR)/Frameworks",
				);
				INFOPLIST_FILE = RememberUITests/Info.plist;
				LD_RUNPATH_SEARCH_PATHS = "$(inherited) @executable_path/Frameworks @loader_path/Frameworks";
				PRODUCT_BUNDLE_IDENTIFIER = com.woodystudio.RememberUITests;
				PRODUCT_NAME = "$(TARGET_NAME)";
				SWIFT_VERSION = 3.0;
				TEST_TARGET_NAME = Remember;
			};
			name = Release;
		};
/* End XCBuildConfiguration section */

/* Begin XCConfigurationList section */
		825DEB101DD9DC070065090F /* Build configuration list for PBXProject "Remember" */ = {
			isa = XCConfigurationList;
			buildConfigurations = (
				825DEB3E1DD9DC070065090F /* Debug */,
				825DEB3F1DD9DC070065090F /* Release */,
			);
			defaultConfigurationIsVisible = 0;
			defaultConfigurationName = Release;
		};
		825DEB401DD9DC070065090F /* Build configuration list for PBXNativeTarget "Remember" */ = {
			isa = XCConfigurationList;
			buildConfigurations = (
				825DEB411DD9DC070065090F /* Debug */,
				825DEB421DD9DC070065090F /* Release */,
			);
			defaultConfigurationIsVisible = 0;
			defaultConfigurationName = Release;
		};
		825DEB431DD9DC070065090F /* Build configuration list for PBXNativeTarget "RememberTests" */ = {
			isa = XCConfigurationList;
			buildConfigurations = (
				825DEB441DD9DC070065090F /* Debug */,
				825DEB451DD9DC070065090F /* Release */,
			);
			defaultConfigurationIsVisible = 0;
			defaultConfigurationName = Release;
		};
		825DEB461DD9DC070065090F /* Build configuration list for PBXNativeTarget "RememberUITests" */ = {
			isa = XCConfigurationList;
			buildConfigurations = (
				825DEB471DD9DC070065090F /* Debug */,
				825DEB481DD9DC070065090F /* Release */,
			);
			defaultConfigurationIsVisible = 0;
			defaultConfigurationName = Release;
		};
/* End XCConfigurationList section */

/* Begin XCVersionGroup section */
		82FED7D51E0A78AC00FDDFD2 /* Remember.xcdatamodeld */ = {
			isa = XCVersionGroup;
			children = (
				82FED7D61E0A78AC00FDDFD2 /* Remember.xcdatamodel */,
			);
			currentVersion = 82FED7D61E0A78AC00FDDFD2 /* Remember.xcdatamodel */;
			path = Remember.xcdatamodeld;
			sourceTree = "<group>";
			versionGroupType = wrapper.xcdatamodel;
		};
/* End XCVersionGroup section */
	};
	rootObject = 825DEB0D1DD9DC070065090F /* Project object */;
}
